// !$*UTF8*$!
{
	archiveVersion = 1;
	classes = {
	};
	objectVersion = 50;
	objects = {

/* Begin PBXBuildFile section */
		CF0D152425A3C24E00862488 /* SearchCell.xib in Resources */ = {isa = PBXBuildFile; fileRef = CF0D152325A3C24E00862488 /* SearchCell.xib */; };
		CF3EC02425A3C0F9005E2A7A /* AppDelegate.swift in Sources */ = {isa = PBXBuildFile; fileRef = CF3EC02325A3C0F9005E2A7A /* AppDelegate.swift */; };
		CF3EC02625A3C0FC005E2A7A /* Assets.xcassets in Resources */ = {isa = PBXBuildFile; fileRef = CF3EC02525A3C0FC005E2A7A /* Assets.xcassets */; };
		CF3EC02925A3C0FC005E2A7A /* MainMenu.xib in Resources */ = {isa = PBXBuildFile; fileRef = CF3EC02725A3C0FC005E2A7A /* MainMenu.xib */; };
		CF3EC03525A3C0FC005E2A7A /* APSuggestions_ExampleTests.swift in Sources */ = {isa = PBXBuildFile; fileRef = CF3EC03425A3C0FC005E2A7A /* APSuggestions_ExampleTests.swift */; };
		CF3EC04025A3C0FC005E2A7A /* APSuggestions_ExampleUITests.swift in Sources */ = {isa = PBXBuildFile; fileRef = CF3EC03F25A3C0FC005E2A7A /* APSuggestions_ExampleUITests.swift */; };
		CF3EC06025A3C11D005E2A7A /* ViewController.swift in Sources */ = {isa = PBXBuildFile; fileRef = CF3EC05E25A3C11D005E2A7A /* ViewController.swift */; };
		CF3EC06125A3C11D005E2A7A /* ViewController.xib in Resources */ = {isa = PBXBuildFile; fileRef = CF3EC05F25A3C11D005E2A7A /* ViewController.xib */; };
/* End PBXBuildFile section */

/* Begin PBXContainerItemProxy section */
		CF3EC03125A3C0FC005E2A7A /* PBXContainerItemProxy */ = {
			isa = PBXContainerItemProxy;
			containerPortal = CF3EC01825A3C0F9005E2A7A /* Project object */;
			proxyType = 1;
			remoteGlobalIDString = CF3EC01F25A3C0F9005E2A7A;
			remoteInfo = "APSuggestions Example";
		};
		CF3EC03C25A3C0FC005E2A7A /* PBXContainerItemProxy */ = {
			isa = PBXContainerItemProxy;
			containerPortal = CF3EC01825A3C0F9005E2A7A /* Project object */;
			proxyType = 1;
			remoteGlobalIDString = CF3EC01F25A3C0F9005E2A7A;
			remoteInfo = "APSuggestions Example";
		};
/* End PBXContainerItemProxy section */

/* Begin PBXFileReference section */
		CF0D152325A3C24E00862488 /* SearchCell.xib */ = {isa = PBXFileReference; fileEncoding = 4; lastKnownFileType = file.xib; path = SearchCell.xib; sourceTree = "<group>"; };
		CF3EC02025A3C0F9005E2A7A /* APSuggestions Example.app */ = {isa = PBXFileReference; explicitFileType = wrapper.application; includeInIndex = 0; path = "APSuggestions Example.app"; sourceTree = BUILT_PRODUCTS_DIR; };
		CF3EC02325A3C0F9005E2A7A /* AppDelegate.swift */ = {isa = PBXFileReference; lastKnownFileType = sourcecode.swift; path = AppDelegate.swift; sourceTree = "<group>"; };
		CF3EC02525A3C0FC005E2A7A /* Assets.xcassets */ = {isa = PBXFileReference; lastKnownFileType = folder.assetcatalog; path = Assets.xcassets; sourceTree = "<group>"; };
		CF3EC02825A3C0FC005E2A7A /* Base */ = {isa = PBXFileReference; lastKnownFileType = file.xib; name = Base; path = Base.lproj/MainMenu.xib; sourceTree = "<group>"; };
		CF3EC02A25A3C0FC005E2A7A /* Info.plist */ = {isa = PBXFileReference; lastKnownFileType = text.plist.xml; path = Info.plist; sourceTree = "<group>"; };
		CF3EC02B25A3C0FC005E2A7A /* APSuggestions_Example.entitlements */ = {isa = PBXFileReference; lastKnownFileType = text.plist.entitlements; path = APSuggestions_Example.entitlements; sourceTree = "<group>"; };
		CF3EC03025A3C0FC005E2A7A /* APSuggestions ExampleTests.xctest */ = {isa = PBXFileReference; explicitFileType = wrapper.cfbundle; includeInIndex = 0; path = "APSuggestions ExampleTests.xctest"; sourceTree = BUILT_PRODUCTS_DIR; };
		CF3EC03425A3C0FC005E2A7A /* APSuggestions_ExampleTests.swift */ = {isa = PBXFileReference; lastKnownFileType = sourcecode.swift; path = APSuggestions_ExampleTests.swift; sourceTree = "<group>"; };
		CF3EC03625A3C0FC005E2A7A /* Info.plist */ = {isa = PBXFileReference; lastKnownFileType = text.plist.xml; path = Info.plist; sourceTree = "<group>"; };
		CF3EC03B25A3C0FC005E2A7A /* APSuggestions ExampleUITests.xctest */ = {isa = PBXFileReference; explicitFileType = wrapper.cfbundle; includeInIndex = 0; path = "APSuggestions ExampleUITests.xctest"; sourceTree = BUILT_PRODUCTS_DIR; };
		CF3EC03F25A3C0FC005E2A7A /* APSuggestions_ExampleUITests.swift */ = {isa = PBXFileReference; lastKnownFileType = sourcecode.swift; path = APSuggestions_ExampleUITests.swift; sourceTree = "<group>"; };
		CF3EC04125A3C0FC005E2A7A /* Info.plist */ = {isa = PBXFileReference; lastKnownFileType = text.plist.xml; path = Info.plist; sourceTree = "<group>"; };
		CF3EC05E25A3C11D005E2A7A /* ViewController.swift */ = {isa = PBXFileReference; lastKnownFileType = sourcecode.swift; path = ViewController.swift; sourceTree = "<group>"; };
		CF3EC05F25A3C11D005E2A7A /* ViewController.xib */ = {isa = PBXFileReference; lastKnownFileType = file.xib; path = ViewController.xib; sourceTree = "<group>"; };
/* End PBXFileReference section */

/* Begin PBXFrameworksBuildPhase section */
		CF3EC01D25A3C0F9005E2A7A /* Frameworks */ = {
			isa = PBXFrameworksBuildPhase;
			buildActionMask = 2147483647;
			files = (
			);
			runOnlyForDeploymentPostprocessing = 0;
		};
		CF3EC02D25A3C0FC005E2A7A /* Frameworks */ = {
			isa = PBXFrameworksBuildPhase;
			buildActionMask = 2147483647;
			files = (
			);
			runOnlyForDeploymentPostprocessing = 0;
		};
		CF3EC03825A3C0FC005E2A7A /* Frameworks */ = {
			isa = PBXFrameworksBuildPhase;
			buildActionMask = 2147483647;
			files = (
			);
			runOnlyForDeploymentPostprocessing = 0;
		};
/* End PBXFrameworksBuildPhase section */

/* Begin PBXGroup section */
		CF3EC01725A3C0F9005E2A7A = {
			isa = PBXGroup;
			children = (
				CF3EC02225A3C0F9005E2A7A /* APSuggestions Example */,
				CF3EC03325A3C0FC005E2A7A /* APSuggestions ExampleTests */,
				CF3EC03E25A3C0FC005E2A7A /* APSuggestions ExampleUITests */,
				CF3EC02125A3C0F9005E2A7A /* Products */,
			);
			sourceTree = "<group>";
		};
		CF3EC02125A3C0F9005E2A7A /* Products */ = {
			isa = PBXGroup;
			children = (
				CF3EC02025A3C0F9005E2A7A /* APSuggestions Example.app */,
				CF3EC03025A3C0FC005E2A7A /* APSuggestions ExampleTests.xctest */,
				CF3EC03B25A3C0FC005E2A7A /* APSuggestions ExampleUITests.xctest */,
			);
			name = Products;
			sourceTree = "<group>";
		};
		CF3EC02225A3C0F9005E2A7A /* APSuggestions Example */ = {
			isa = PBXGroup;
			children = (
				CF3EC02325A3C0F9005E2A7A /* AppDelegate.swift */,
				CF3EC02525A3C0FC005E2A7A /* Assets.xcassets */,
				CF3EC02725A3C0FC005E2A7A /* MainMenu.xib */,
				CF3EC02A25A3C0FC005E2A7A /* Info.plist */,
				CF3EC02B25A3C0FC005E2A7A /* APSuggestions_Example.entitlements */,
				CF0D152325A3C24E00862488 /* SearchCell.xib */,
				CF3EC05E25A3C11D005E2A7A /* ViewController.swift */,
				CF3EC05F25A3C11D005E2A7A /* ViewController.xib */,
			);
			path = "APSuggestions Example";
			sourceTree = "<group>";
		};
		CF3EC03325A3C0FC005E2A7A /* APSuggestions ExampleTests */ = {
			isa = PBXGroup;
			children = (
				CF3EC03425A3C0FC005E2A7A /* APSuggestions_ExampleTests.swift */,
				CF3EC03625A3C0FC005E2A7A /* Info.plist */,
			);
			path = "APSuggestions ExampleTests";
			sourceTree = "<group>";
		};
		CF3EC03E25A3C0FC005E2A7A /* APSuggestions ExampleUITests */ = {
			isa = PBXGroup;
			children = (
				CF3EC03F25A3C0FC005E2A7A /* APSuggestions_ExampleUITests.swift */,
				CF3EC04125A3C0FC005E2A7A /* Info.plist */,
			);
			path = "APSuggestions ExampleUITests";
			sourceTree = "<group>";
		};
/* End PBXGroup section */

/* Begin PBXNativeTarget section */
		CF3EC01F25A3C0F9005E2A7A /* APSuggestions Example */ = {
			isa = PBXNativeTarget;
			buildConfigurationList = CF3EC04425A3C0FC005E2A7A /* Build configuration list for PBXNativeTarget "APSuggestions Example" */;
			buildPhases = (
				CF3EC01C25A3C0F9005E2A7A /* Sources */,
				CF3EC01D25A3C0F9005E2A7A /* Frameworks */,
				CF3EC01E25A3C0F9005E2A7A /* Resources */,
			);
			buildRules = (
			);
			dependencies = (
			);
			name = "APSuggestions Example";
			productName = "APSuggestions Example";
			productReference = CF3EC02025A3C0F9005E2A7A /* APSuggestions Example.app */;
			productType = "com.apple.product-type.application";
		};
		CF3EC02F25A3C0FC005E2A7A /* APSuggestions ExampleTests */ = {
			isa = PBXNativeTarget;
			buildConfigurationList = CF3EC04725A3C0FC005E2A7A /* Build configuration list for PBXNativeTarget "APSuggestions ExampleTests" */;
			buildPhases = (
				CF3EC02C25A3C0FC005E2A7A /* Sources */,
				CF3EC02D25A3C0FC005E2A7A /* Frameworks */,
				CF3EC02E25A3C0FC005E2A7A /* Resources */,
			);
			buildRules = (
			);
			dependencies = (
				CF3EC03225A3C0FC005E2A7A /* PBXTargetDependency */,
			);
			name = "APSuggestions ExampleTests";
			productName = "APSuggestions ExampleTests";
			productReference = CF3EC03025A3C0FC005E2A7A /* APSuggestions ExampleTests.xctest */;
			productType = "com.apple.product-type.bundle.unit-test";
		};
		CF3EC03A25A3C0FC005E2A7A /* APSuggestions ExampleUITests */ = {
			isa = PBXNativeTarget;
			buildConfigurationList = CF3EC04A25A3C0FC005E2A7A /* Build configuration list for PBXNativeTarget "APSuggestions ExampleUITests" */;
			buildPhases = (
				CF3EC03725A3C0FC005E2A7A /* Sources */,
				CF3EC03825A3C0FC005E2A7A /* Frameworks */,
				CF3EC03925A3C0FC005E2A7A /* Resources */,
			);
			buildRules = (
			);
			dependencies = (
				CF3EC03D25A3C0FC005E2A7A /* PBXTargetDependency */,
			);
			name = "APSuggestions ExampleUITests";
			productName = "APSuggestions ExampleUITests";
			productReference = CF3EC03B25A3C0FC005E2A7A /* APSuggestions ExampleUITests.xctest */;
			productType = "com.apple.product-type.bundle.ui-testing";
		};
/* End PBXNativeTarget section */

/* Begin PBXProject section */
		CF3EC01825A3C0F9005E2A7A /* Project object */ = {
			isa = PBXProject;
			attributes = {
				LastSwiftUpdateCheck = 1230;
				LastUpgradeCheck = 1230;
				TargetAttributes = {
					CF3EC01F25A3C0F9005E2A7A = {
						CreatedOnToolsVersion = 12.3;
					};
					CF3EC02F25A3C0FC005E2A7A = {
						CreatedOnToolsVersion = 12.3;
						TestTargetID = CF3EC01F25A3C0F9005E2A7A;
					};
					CF3EC03A25A3C0FC005E2A7A = {
						CreatedOnToolsVersion = 12.3;
						TestTargetID = CF3EC01F25A3C0F9005E2A7A;
					};
				};
			};
			buildConfigurationList = CF3EC01B25A3C0F9005E2A7A /* Build configuration list for PBXProject "APSuggestions Example" */;
			compatibilityVersion = "Xcode 9.3";
			developmentRegion = en;
			hasScannedForEncodings = 0;
			knownRegions = (
				en,
				Base,
			);
			mainGroup = CF3EC01725A3C0F9005E2A7A;
			productRefGroup = CF3EC02125A3C0F9005E2A7A /* Products */;
			projectDirPath = "";
			projectRoot = "";
			targets = (
				CF3EC01F25A3C0F9005E2A7A /* APSuggestions Example */,
				CF3EC02F25A3C0FC005E2A7A /* APSuggestions ExampleTests */,
				CF3EC03A25A3C0FC005E2A7A /* APSuggestions ExampleUITests */,
			);
		};
/* End PBXProject section */

/* Begin PBXResourcesBuildPhase section */
		CF3EC01E25A3C0F9005E2A7A /* Resources */ = {
			isa = PBXResourcesBuildPhase;
			buildActionMask = 2147483647;
			files = (
				CF3EC02625A3C0FC005E2A7A /* Assets.xcassets in Resources */,
				CF0D152425A3C24E00862488 /* SearchCell.xib in Resources */,
				CF3EC06125A3C11D005E2A7A /* ViewController.xib in Resources */,
				CF3EC02925A3C0FC005E2A7A /* MainMenu.xib in Resources */,
			);
			runOnlyForDeploymentPostprocessing = 0;
		};
		CF3EC02E25A3C0FC005E2A7A /* Resources */ = {
			isa = PBXResourcesBuildPhase;
			buildActionMask = 2147483647;
			files = (
			);
			runOnlyForDeploymentPostprocessing = 0;
		};
		CF3EC03925A3C0FC005E2A7A /* Resources */ = {
			isa = PBXResourcesBuildPhase;
			buildActionMask = 2147483647;
			files = (
			);
			runOnlyForDeploymentPostprocessing = 0;
		};
/* End PBXResourcesBuildPhase section */

/* Begin PBXSourcesBuildPhase section */
		CF3EC01C25A3C0F9005E2A7A /* Sources */ = {
			isa = PBXSourcesBuildPhase;
			buildActionMask = 2147483647;
			files = (
				CF3EC06025A3C11D005E2A7A /* ViewController.swift in Sources */,
				CF3EC02425A3C0F9005E2A7A /* AppDelegate.swift in Sources */,
			);
			runOnlyForDeploymentPostprocessing = 0;
		};
		CF3EC02C25A3C0FC005E2A7A /* Sources */ = {
			isa = PBXSourcesBuildPhase;
			buildActionMask = 2147483647;
			files = (
				CF3EC03525A3C0FC005E2A7A /* APSuggestions_ExampleTests.swift in Sources */,
			);
			runOnlyForDeploymentPostprocessing = 0;
		};
		CF3EC03725A3C0FC005E2A7A /* Sources */ = {
			isa = PBXSourcesBuildPhase;
			buildActionMask = 2147483647;
			files = (
				CF3EC04025A3C0FC005E2A7A /* APSuggestions_ExampleUITests.swift in Sources */,
			);
			runOnlyForDeploymentPostprocessing = 0;
		};
/* End PBXSourcesBuildPhase section */

/* Begin PBXTargetDependency section */
		CF3EC03225A3C0FC005E2A7A /* PBXTargetDependency */ = {
			isa = PBXTargetDependency;
			target = CF3EC01F25A3C0F9005E2A7A /* APSuggestions Example */;
			targetProxy = CF3EC03125A3C0FC005E2A7A /* PBXContainerItemProxy */;
		};
		CF3EC03D25A3C0FC005E2A7A /* PBXTargetDependency */ = {
			isa = PBXTargetDependency;
			target = CF3EC01F25A3C0F9005E2A7A /* APSuggestions Example */;
			targetProxy = CF3EC03C25A3C0FC005E2A7A /* PBXContainerItemProxy */;
		};
/* End PBXTargetDependency section */

/* Begin PBXVariantGroup section */
		CF3EC02725A3C0FC005E2A7A /* MainMenu.xib */ = {
			isa = PBXVariantGroup;
			children = (
				CF3EC02825A3C0FC005E2A7A /* Base */,
			);
			name = MainMenu.xib;
			sourceTree = "<group>";
		};
/* End PBXVariantGroup section */

/* Begin XCBuildConfiguration section */
		CF3EC04225A3C0FC005E2A7A /* Debug */ = {
			isa = XCBuildConfiguration;
			buildSettings = {
				ALWAYS_SEARCH_USER_PATHS = NO;
				CLANG_ANALYZER_NONNULL = YES;
				CLANG_ANALYZER_NUMBER_OBJECT_CONVERSION = YES_AGGRESSIVE;
				CLANG_CXX_LANGUAGE_STANDARD = "gnu++14";
				CLANG_CXX_LIBRARY = "libc++";
				CLANG_ENABLE_MODULES = YES;
				CLANG_ENABLE_OBJC_ARC = YES;
				CLANG_ENABLE_OBJC_WEAK = YES;
				CLANG_WARN_BLOCK_CAPTURE_AUTORELEASING = YES;
				CLANG_WARN_BOOL_CONVERSION = YES;
				CLANG_WARN_COMMA = YES;
				CLANG_WARN_CONSTANT_CONVERSION = YES;
				CLANG_WARN_DEPRECATED_OBJC_IMPLEMENTATIONS = YES;
				CLANG_WARN_DIRECT_OBJC_ISA_USAGE = YES_ERROR;
				CLANG_WARN_DOCUMENTATION_COMMENTS = YES;
				CLANG_WARN_EMPTY_BODY = YES;
				CLANG_WARN_ENUM_CONVERSION = YES;
				CLANG_WARN_INFINITE_RECURSION = YES;
				CLANG_WARN_INT_CONVERSION = YES;
				CLANG_WARN_NON_LITERAL_NULL_CONVERSION = YES;
				CLANG_WARN_OBJC_IMPLICIT_RETAIN_SELF = YES;
				CLANG_WARN_OBJC_LITERAL_CONVERSION = YES;
				CLANG_WARN_OBJC_ROOT_CLASS = YES_ERROR;
				CLANG_WARN_QUOTED_INCLUDE_IN_FRAMEWORK_HEADER = YES;
				CLANG_WARN_RANGE_LOOP_ANALYSIS = YES;
				CLANG_WARN_STRICT_PROTOTYPES = YES;
				CLANG_WARN_SUSPICIOUS_MOVE = YES;
				CLANG_WARN_UNGUARDED_AVAILABILITY = YES_AGGRESSIVE;
				CLANG_WARN_UNREACHABLE_CODE = YES;
				CLANG_WARN__DUPLICATE_METHOD_MATCH = YES;
				COPY_PHASE_STRIP = NO;
				DEBUG_INFORMATION_FORMAT = dwarf;
				ENABLE_STRICT_OBJC_MSGSEND = YES;
				ENABLE_TESTABILITY = YES;
				GCC_C_LANGUAGE_STANDARD = gnu11;
				GCC_DYNAMIC_NO_PIC = NO;
				GCC_NO_COMMON_BLOCKS = YES;
				GCC_OPTIMIZATION_LEVEL = 0;
				GCC_PREPROCESSOR_DEFINITIONS = (
					"DEBUG=1",
					"$(inherited)",
				);
				GCC_WARN_64_TO_32_BIT_CONVERSION = YES;
				GCC_WARN_ABOUT_RETURN_TYPE = YES_ERROR;
				GCC_WARN_UNDECLARED_SELECTOR = YES;
				GCC_WARN_UNINITIALIZED_AUTOS = YES_AGGRESSIVE;
				GCC_WARN_UNUSED_FUNCTION = YES;
				GCC_WARN_UNUSED_VARIABLE = YES;
				MACOSX_DEPLOYMENT_TARGET = 11.1;
				MTL_ENABLE_DEBUG_INFO = INCLUDE_SOURCE;
				MTL_FAST_MATH = YES;
				ONLY_ACTIVE_ARCH = YES;
				SDKROOT = macosx;
				SWIFT_ACTIVE_COMPILATION_CONDITIONS = DEBUG;
				SWIFT_OPTIMIZATION_LEVEL = "-Onone";
			};
			name = Debug;
		};
		CF3EC04325A3C0FC005E2A7A /* Release */ = {
			isa = XCBuildConfiguration;
			buildSettings = {
				ALWAYS_SEARCH_USER_PATHS = NO;
				CLANG_ANALYZER_NONNULL = YES;
				CLANG_ANALYZER_NUMBER_OBJECT_CONVERSION = YES_AGGRESSIVE;
				CLANG_CXX_LANGUAGE_STANDARD = "gnu++14";
				CLANG_CXX_LIBRARY = "libc++";
				CLANG_ENABLE_MODULES = YES;
				CLANG_ENABLE_OBJC_ARC = YES;
				CLANG_ENABLE_OBJC_WEAK = YES;
				CLANG_WARN_BLOCK_CAPTURE_AUTORELEASING = YES;
				CLANG_WARN_BOOL_CONVERSION = YES;
				CLANG_WARN_COMMA = YES;
				CLANG_WARN_CONSTANT_CONVERSION = YES;
				CLANG_WARN_DEPRECATED_OBJC_IMPLEMENTATIONS = YES;
				CLANG_WARN_DIRECT_OBJC_ISA_USAGE = YES_ERROR;
				CLANG_WARN_DOCUMENTATION_COMMENTS = YES;
				CLANG_WARN_EMPTY_BODY = YES;
				CLANG_WARN_ENUM_CONVERSION = YES;
				CLANG_WARN_INFINITE_RECURSION = YES;
				CLANG_WARN_INT_CONVERSION = YES;
				CLANG_WARN_NON_LITERAL_NULL_CONVERSION = YES;
				CLANG_WARN_OBJC_IMPLICIT_RETAIN_SELF = YES;
				CLANG_WARN_OBJC_LITERAL_CONVERSION = YES;
				CLANG_WARN_OBJC_ROOT_CLASS = YES_ERROR;
				CLANG_WARN_QUOTED_INCLUDE_IN_FRAMEWORK_HEADER = YES;
				CLANG_WARN_RANGE_LOOP_ANALYSIS = YES;
				CLANG_WARN_STRICT_PROTOTYPES = YES;
				CLANG_WARN_SUSPICIOUS_MOVE = YES;
				CLANG_WARN_UNGUARDED_AVAILABILITY = YES_AGGRESSIVE;
				CLANG_WARN_UNREACHABLE_CODE = YES;
				CLANG_WARN__DUPLICATE_METHOD_MATCH = YES;
				COPY_PHASE_STRIP = NO;
				DEBUG_INFORMATION_FORMAT = "dwarf-with-dsym";
				ENABLE_NS_ASSERTIONS = NO;
				ENABLE_STRICT_OBJC_MSGSEND = YES;
				GCC_C_LANGUAGE_STANDARD = gnu11;
				GCC_NO_COMMON_BLOCKS = YES;
				GCC_WARN_64_TO_32_BIT_CONVERSION = YES;
				GCC_WARN_ABOUT_RETURN_TYPE = YES_ERROR;
				GCC_WARN_UNDECLARED_SELECTOR = YES;
				GCC_WARN_UNINITIALIZED_AUTOS = YES_AGGRESSIVE;
				GCC_WARN_UNUSED_FUNCTION = YES;
				GCC_WARN_UNUSED_VARIABLE = YES;
				MACOSX_DEPLOYMENT_TARGET = 11.1;
				MTL_ENABLE_DEBUG_INFO = NO;
				MTL_FAST_MATH = YES;
				SDKROOT = macosx;
				SWIFT_COMPILATION_MODE = wholemodule;
				SWIFT_OPTIMIZATION_LEVEL = "-O";
			};
			name = Release;
		};
		CF3EC04525A3C0FC005E2A7A /* Debug */ = {
			isa = XCBuildConfiguration;
			buildSettings = {
				ASSETCATALOG_COMPILER_APPICON_NAME = AppIcon;
				ASSETCATALOG_COMPILER_GLOBAL_ACCENT_COLOR_NAME = AccentColor;
				CODE_SIGN_ENTITLEMENTS = "APSuggestions Example/APSuggestions_Example.entitlements";
				CODE_SIGN_STYLE = Automatic;
				COMBINE_HIDPI_IMAGES = YES;
				INFOPLIST_FILE = "APSuggestions Example/Info.plist";
				LD_RUNPATH_SEARCH_PATHS = (
					"$(inherited)",
					"@executable_path/../Frameworks",
				);
				PRODUCT_BUNDLE_IDENTIFIER = "com.ashwin.APSuggestions-Example";
				PRODUCT_NAME = "$(TARGET_NAME)";
				SWIFT_VERSION = 5.0;
			};
			name = Debug;
		};
		CF3EC04625A3C0FC005E2A7A /* Release */ = {
			isa = XCBuildConfiguration;
			buildSettings = {
				ASSETCATALOG_COMPILER_APPICON_NAME = AppIcon;
				ASSETCATALOG_COMPILER_GLOBAL_ACCENT_COLOR_NAME = AccentColor;
				CODE_SIGN_ENTITLEMENTS = "APSuggestions Example/APSuggestions_Example.entitlements";
				CODE_SIGN_STYLE = Automatic;
				COMBINE_HIDPI_IMAGES = YES;
				INFOPLIST_FILE = "APSuggestions Example/Info.plist";
				LD_RUNPATH_SEARCH_PATHS = (
					"$(inherited)",
					"@executable_path/../Frameworks",
				);
				PRODUCT_BUNDLE_IDENTIFIER = "com.ashwin.APSuggestions-Example";
				PRODUCT_NAME = "$(TARGET_NAME)";
				SWIFT_VERSION = 5.0;
			};
			name = Release;
		};
		CF3EC04825A3C0FC005E2A7A /* Debug */ = {
			isa = XCBuildConfiguration;
			buildSettings = {
				ALWAYS_EMBED_SWIFT_STANDARD_LIBRARIES = YES;
				BUNDLE_LOADER = "$(TEST_HOST)";
				CODE_SIGN_STYLE = Automatic;
				COMBINE_HIDPI_IMAGES = YES;
				INFOPLIST_FILE = "APSuggestions ExampleTests/Info.plist";
				LD_RUNPATH_SEARCH_PATHS = (
					"$(inherited)",
					"@executable_path/../Frameworks",
					"@loader_path/../Frameworks",
				);
				MACOSX_DEPLOYMENT_TARGET = 11.1;
				PRODUCT_BUNDLE_IDENTIFIER = "com.ashwin.APSuggestions-ExampleTests";
				PRODUCT_NAME = "$(TARGET_NAME)";
				SWIFT_VERSION = 5.0;
				TEST_HOST = "$(BUILT_PRODUCTS_DIR)/APSuggestions Example.app/Contents/MacOS/APSuggestions Example";
			};
			name = Debug;
		};
		CF3EC04925A3C0FC005E2A7A /* Release */ = {
			isa = XCBuildConfiguration;
			buildSettings = {
				ALWAYS_EMBED_SWIFT_STANDARD_LIBRARIES = YES;
				BUNDLE_LOADER = "$(TEST_HOST)";
				CODE_SIGN_STYLE = Automatic;
				COMBINE_HIDPI_IMAGES = YES;
				INFOPLIST_FILE = "APSuggestions ExampleTests/Info.plist";
				LD_RUNPATH_SEARCH_PATHS = (
					"$(inherited)",
					"@executable_path/../Frameworks",
					"@loader_path/../Frameworks",
				);
				MACOSX_DEPLOYMENT_TARGET = 11.1;
				PRODUCT_BUNDLE_IDENTIFIER = "com.ashwin.APSuggestions-ExampleTests";
				PRODUCT_NAME = "$(TARGET_NAME)";
				SWIFT_VERSION = 5.0;
				TEST_HOST = "$(BUILT_PRODUCTS_DIR)/APSuggestions Example.app/Contents/MacOS/APSuggestions Example";
			};
			name = Release;
		};
		CF3EC04B25A3C0FC005E2A7A /* Debug */ = {
			isa = XCBuildConfiguration;
			buildSettings = {
				ALWAYS_EMBED_SWIFT_STANDARD_LIBRARIES = YES;
				CODE_SIGN_STYLE = Automatic;
				COMBINE_HIDPI_IMAGES = YES;
				INFOPLIST_FILE = "APSuggestions ExampleUITests/Info.plist";
				LD_RUNPATH_SEARCH_PATHS = (
					"$(inherited)",
					"@executable_path/../Frameworks",
					"@loader_path/../Frameworks",
				);
				PRODUCT_BUNDLE_IDENTIFIER = "com.ashwin.APSuggestions-ExampleUITests";
				PRODUCT_NAME = "$(TARGET_NAME)";
				SWIFT_VERSION = 5.0;
				TEST_TARGET_NAME = "APSuggestions Example";
			};
			name = Debug;
		};
		CF3EC04C25A3C0FC005E2A7A /* Release */ = {
			isa = XCBuildConfiguration;
			buildSettings = {
				ALWAYS_EMBED_SWIFT_STANDARD_LIBRARIES = YES;
				CODE_SIGN_STYLE = Automatic;
				COMBINE_HIDPI_IMAGES = YES;
				INFOPLIST_FILE = "APSuggestions ExampleUITests/Info.plist";
				LD_RUNPATH_SEARCH_PATHS = (
					"$(inherited)",
					"@executable_path/../Frameworks",
					"@loader_path/../Frameworks",
				);
				PRODUCT_BUNDLE_IDENTIFIER = "com.ashwin.APSuggestions-ExampleUITests";
				PRODUCT_NAME = "$(TARGET_NAME)";
				SWIFT_VERSION = 5.0;
				TEST_TARGET_NAME = "APSuggestions Example";
			};
			name = Release;
		};
/* End XCBuildConfiguration section */

/* Begin XCConfigurationList section */
		CF3EC01B25A3C0F9005E2A7A /* Build configuration list for PBXProject "APSuggestions Example" */ = {
			isa = XCConfigurationList;
			buildConfigurations = (
				CF3EC04225A3C0FC005E2A7A /* Debug */,
				CF3EC04325A3C0FC005E2A7A /* Release */,
			);
			defaultConfigurationIsVisible = 0;
			defaultConfigurationName = Release;
		};
		CF3EC04425A3C0FC005E2A7A /* Build configuration list for PBXNativeTarget "APSuggestions Example" */ = {
			isa = XCConfigurationList;
			buildConfigurations = (
				CF3EC04525A3C0FC005E2A7A /* Debug */,
				CF3EC04625A3C0FC005E2A7A /* Release */,
			);
			defaultConfigurationIsVisible = 0;
			defaultConfigurationName = Release;
		};
		CF3EC04725A3C0FC005E2A7A /* Build configuration list for PBXNativeTarget "APSuggestions ExampleTests" */ = {
			isa = XCConfigurationList;
			buildConfigurations = (
				CF3EC04825A3C0FC005E2A7A /* Debug */,
				CF3EC04925A3C0FC005E2A7A /* Release */,
			);
			defaultConfigurationIsVisible = 0;
			defaultConfigurationName = Release;
		};
		CF3EC04A25A3C0FC005E2A7A /* Build configuration list for PBXNativeTarget "APSuggestions ExampleUITests" */ = {
			isa = XCConfigurationList;
			buildConfigurations = (
				CF3EC04B25A3C0FC005E2A7A /* Debug */,
				CF3EC04C25A3C0FC005E2A7A /* Release */,
			);
			defaultConfigurationIsVisible = 0;
			defaultConfigurationName = Release;
		};
/* End XCConfigurationList section */
	};
	rootObject = CF3EC01825A3C0F9005E2A7A /* Project object */;
}
